
Microsoft Visual Studio Solution File, Format Version 12.00
# Visual Studio 15
VisualStudioVersion = 15.0.28307.136
MinimumVisualStudioVersion = 10.0.40219.1
Project("{FAE04EC0-301F-11D3-BF4B-00C04F79EFBC}") = "WebApplication1", "WebApplication1\WebApplication1.csproj", "{A205ECFB-4DA2-4BC5-8D48-3163DCD7DFA7}"
EndProject
Global
	GlobalSection(SolutionConfigurationPlatforms) = preSolution
		Debug|Any CPU = Debug|Any CPU
		Release|Any CPU = Release|Any CPU
	EndGlobalSection
	GlobalSection(ProjectConfigurationPlatforms) = postSolution
		{A205ECFB-4DA2-4BC5-8D48-3163DCD7DFA7}.Debug|Any CPU.ActiveCfg = Debug|Any CPU
		{A205ECFB-4DA2-4BC5-8D48-3163DCD7DFA7}.Debug|Any CPU.Build.0 = Debug|Any CPU
		{A205ECFB-4DA2-4BC5-8D48-3163DCD7DFA7}.Release|Any CPU.ActiveCfg = Release|Any CPU
		{A205ECFB-4DA2-4BC5-8D48-3163DCD7DFA7}.Release|Any CPU.Build.0 = Release|Any CPU
	EndGlobalSection
	GlobalSection(SolutionProperties) = preSolution
		HideSolutionNode = FALSE
	EndGlobalSection
	GlobalSection(ExtensibilityGlobals) = postSolution
		SolutionGuid = {587F2311-498C-4070-A7A3-579C0ADE1D28}
	EndGlobalSection
EndGlobal
